// !$*UTF8*$!
{
	archiveVersion = 1;
	classes = {
	};
	objectVersion = 46;
	objects = {

/* Begin PBXBuildFile section */
		C4767D951ABBFA2100F4284E /* AppDelegate.swift in Sources */ = {isa = PBXBuildFile; fileRef = C4767D941ABBFA2100F4284E /* AppDelegate.swift */; };
		C4767D971ABBFA2100F4284E /* RecordSoundsViewController.swift in Sources */ = {isa = PBXBuildFile; fileRef = C4767D961ABBFA2100F4284E /* RecordSoundsViewController.swift */; };
		C4767D9A1ABBFA2100F4284E /* Main.storyboard in Resources */ = {isa = PBXBuildFile; fileRef = C4767D981ABBFA2100F4284E /* Main.storyboard */; };
		C4767D9C1ABBFA2100F4284E /* Images.xcassets in Resources */ = {isa = PBXBuildFile; fileRef = C4767D9B1ABBFA2100F4284E /* Images.xcassets */; };
		C4767D9F1ABBFA2100F4284E /* LaunchScreen.xib in Resources */ = {isa = PBXBuildFile; fileRef = C4767D9D1ABBFA2100F4284E /* LaunchScreen.xib */; };
		C4767DAB1ABBFA2100F4284E /* first_ios_appTests.swift in Sources */ = {isa = PBXBuildFile; fileRef = C4767DAA1ABBFA2100F4284E /* first_ios_appTests.swift */; };
		C49A1DB01AC278C600DAE4EE /* RecordedAudio.swift in Sources */ = {isa = PBXBuildFile; fileRef = C49A1DAF1AC278C600DAE4EE /* RecordedAudio.swift */; };
		C4FB588D1AC1254C00D0CD28 /* PlaySoundsViewController.swift in Sources */ = {isa = PBXBuildFile; fileRef = C4FB588C1AC1254C00D0CD28 /* PlaySoundsViewController.swift */; };
		C4FB588F1AC13CEA00D0CD28 /* movie_quote.mp3 in Resources */ = {isa = PBXBuildFile; fileRef = C4FB588E1AC13CEA00D0CD28 /* movie_quote.mp3 */; };
/* End PBXBuildFile section */

/* Begin PBXContainerItemProxy section */
		C4767DA51ABBFA2100F4284E /* PBXContainerItemProxy */ = {
			isa = PBXContainerItemProxy;
			containerPortal = C4767D871ABBFA2000F4284E /* Project object */;
			proxyType = 1;
			remoteGlobalIDString = C4767D8E1ABBFA2000F4284E;
			remoteInfo = first_ios_app;
		};
/* End PBXContainerItemProxy section */

/* Begin PBXFileReference section */
		C4767D8F1ABBFA2100F4284E /* first_ios_app.app */ = {isa = PBXFileReference; explicitFileType = wrapper.application; includeInIndex = 0; path = first_ios_app.app; sourceTree = BUILT_PRODUCTS_DIR; };
		C4767D931ABBFA2100F4284E /* Info.plist */ = {isa = PBXFileReference; lastKnownFileType = text.plist.xml; path = Info.plist; sourceTree = "<group>"; };
		C4767D941ABBFA2100F4284E /* AppDelegate.swift */ = {isa = PBXFileReference; lastKnownFileType = sourcecode.swift; path = AppDelegate.swift; sourceTree = "<group>"; };
		C4767D961ABBFA2100F4284E /* RecordSoundsViewController.swift */ = {isa = PBXFileReference; lastKnownFileType = sourcecode.swift; path = RecordSoundsViewController.swift; sourceTree = "<group>"; };
		C4767D991ABBFA2100F4284E /* Base */ = {isa = PBXFileReference; lastKnownFileType = file.storyboard; name = Base; path = Base.lproj/Main.storyboard; sourceTree = "<group>"; };
		C4767D9B1ABBFA2100F4284E /* Images.xcassets */ = {isa = PBXFileReference; lastKnownFileType = folder.assetcatalog; path = Images.xcassets; sourceTree = "<group>"; };
		C4767D9E1ABBFA2100F4284E /* Base */ = {isa = PBXFileReference; lastKnownFileType = file.xib; name = Base; path = Base.lproj/LaunchScreen.xib; sourceTree = "<group>"; };
		C4767DA41ABBFA2100F4284E /* first_ios_appTests.xctest */ = {isa = PBXFileReference; explicitFileType = wrapper.cfbundle; includeInIndex = 0; path = first_ios_appTests.xctest; sourceTree = BUILT_PRODUCTS_DIR; };
		C4767DA91ABBFA2100F4284E /* Info.plist */ = {isa = PBXFileReference; lastKnownFileType = text.plist.xml; path = Info.plist; sourceTree = "<group>"; };
		C4767DAA1ABBFA2100F4284E /* first_ios_appTests.swift */ = {isa = PBXFileReference; lastKnownFileType = sourcecode.swift; path = first_ios_appTests.swift; sourceTree = "<group>"; };
		C49A1DAF1AC278C600DAE4EE /* RecordedAudio.swift */ = {isa = PBXFileReference; fileEncoding = 4; lastKnownFileType = sourcecode.swift; name = RecordedAudio.swift; path = ../RecordedAudio.swift; sourceTree = "<group>"; };
		C4FB588C1AC1254C00D0CD28 /* PlaySoundsViewController.swift */ = {isa = PBXFileReference; fileEncoding = 4; lastKnownFileType = sourcecode.swift; path = PlaySoundsViewController.swift; sourceTree = "<group>"; };
		C4FB588E1AC13CEA00D0CD28 /* movie_quote.mp3 */ = {isa = PBXFileReference; lastKnownFileType = audio.mp3; path = movie_quote.mp3; sourceTree = "<group>"; };
/* End PBXFileReference section */

/* Begin PBXFrameworksBuildPhase section */
		C4767D8C1ABBFA2000F4284E /* Frameworks */ = {
			isa = PBXFrameworksBuildPhase;
			buildActionMask = 2147483647;
			files = (
			);
			runOnlyForDeploymentPostprocessing = 0;
		};
		C4767DA11ABBFA2100F4284E /* Frameworks */ = {
			isa = PBXFrameworksBuildPhase;
			buildActionMask = 2147483647;
			files = (
			);
			runOnlyForDeploymentPostprocessing = 0;
		};
/* End PBXFrameworksBuildPhase section */

/* Begin PBXGroup section */
		C4767D861ABBFA2000F4284E = {
			isa = PBXGroup;
			children = (
				C4767D911ABBFA2100F4284E /* first_ios_app */,
				C4767DA71ABBFA2100F4284E /* first_ios_appTests */,
				C4767D901ABBFA2100F4284E /* Products */,
			);
			sourceTree = "<group>";
		};
		C4767D901ABBFA2100F4284E /* Products */ = {
			isa = PBXGroup;
			children = (
				C4767D8F1ABBFA2100F4284E /* first_ios_app.app */,
				C4767DA41ABBFA2100F4284E /* first_ios_appTests.xctest */,
			);
			name = Products;
			sourceTree = "<group>";
		};
		C4767D911ABBFA2100F4284E /* first_ios_app */ = {
			isa = PBXGroup;
			children = (
				C49A1DAF1AC278C600DAE4EE /* RecordedAudio.swift */,
				C4767D941ABBFA2100F4284E /* AppDelegate.swift */,
				C4767D961ABBFA2100F4284E /* RecordSoundsViewController.swift */,
				C4767D981ABBFA2100F4284E /* Main.storyboard */,
				C4FB588C1AC1254C00D0CD28 /* PlaySoundsViewController.swift */,
				C4767D9B1ABBFA2100F4284E /* Images.xcassets */,
				C4767D9D1ABBFA2100F4284E /* LaunchScreen.xib */,
				C4767D921ABBFA2100F4284E /* Supporting Files */,
			);
			path = first_ios_app;
			sourceTree = "<group>";
		};
		C4767D921ABBFA2100F4284E /* Supporting Files */ = {
			isa = PBXGroup;
			children = (
				C4FB588E1AC13CEA00D0CD28 /* movie_quote.mp3 */,
				C4767D931ABBFA2100F4284E /* Info.plist */,
			);
			name = "Supporting Files";
			sourceTree = "<group>";
		};
		C4767DA71ABBFA2100F4284E /* first_ios_appTests */ = {
			isa = PBXGroup;
			children = (
				C4767DAA1ABBFA2100F4284E /* first_ios_appTests.swift */,
				C4767DA81ABBFA2100F4284E /* Supporting Files */,
			);
			path = first_ios_appTests;
			sourceTree = "<group>";
		};
		C4767DA81ABBFA2100F4284E /* Supporting Files */ = {
			isa = PBXGroup;
			children = (
				C4767DA91ABBFA2100F4284E /* Info.plist */,
			);
			name = "Supporting Files";
			sourceTree = "<group>";
		};
/* End PBXGroup section */

/* Begin PBXNativeTarget section */
		C4767D8E1ABBFA2000F4284E /* first_ios_app */ = {
			isa = PBXNativeTarget;
			buildConfigurationList = C4767DAE1ABBFA2100F4284E /* Build configuration list for PBXNativeTarget "first_ios_app" */;
			buildPhases = (
				C4767D8B1ABBFA2000F4284E /* Sources */,
				C4767D8C1ABBFA2000F4284E /* Frameworks */,
				C4767D8D1ABBFA2000F4284E /* Resources */,
			);
			buildRules = (
			);
			dependencies = (
			);
			name = first_ios_app;
			productName = first_ios_app;
			productReference = C4767D8F1ABBFA2100F4284E /* first_ios_app.app */;
			productType = "com.apple.product-type.application";
		};
		C4767DA31ABBFA2100F4284E /* first_ios_appTests */ = {
			isa = PBXNativeTarget;
			buildConfigurationList = C4767DB11ABBFA2100F4284E /* Build configuration list for PBXNativeTarget "first_ios_appTests" */;
			buildPhases = (
				C4767DA01ABBFA2100F4284E /* Sources */,
				C4767DA11ABBFA2100F4284E /* Frameworks */,
				C4767DA21ABBFA2100F4284E /* Resources */,
			);
			buildRules = (
			);
			dependencies = (
				C4767DA61ABBFA2100F4284E /* PBXTargetDependency */,
			);
			name = first_ios_appTests;
			productName = first_ios_appTests;
			productReference = C4767DA41ABBFA2100F4284E /* first_ios_appTests.xctest */;
			productType = "com.apple.product-type.bundle.unit-test";
		};
/* End PBXNativeTarget section */

/* Begin PBXProject section */
		C4767D871ABBFA2000F4284E /* Project object */ = {
			isa = PBXProject;
			attributes = {
				LastUpgradeCheck = 0620;
				ORGANIZATIONNAME = Udacity;
				TargetAttributes = {
					C4767D8E1ABBFA2000F4284E = {
						CreatedOnToolsVersion = 6.2;
					};
					C4767DA31ABBFA2100F4284E = {
						CreatedOnToolsVersion = 6.2;
						TestTargetID = C4767D8E1ABBFA2000F4284E;
					};
				};
			};
			buildConfigurationList = C4767D8A1ABBFA2000F4284E /* Build configuration list for PBXProject "first_ios_app" */;
			compatibilityVersion = "Xcode 3.2";
			developmentRegion = English;
			hasScannedForEncodings = 0;
			knownRegions = (
				en,
				Base,
			);
			mainGroup = C4767D861ABBFA2000F4284E;
			productRefGroup = C4767D901ABBFA2100F4284E /* Products */;
			projectDirPath = "";
			projectRoot = "";
			targets = (
				C4767D8E1ABBFA2000F4284E /* first_ios_app */,
				C4767DA31ABBFA2100F4284E /* first_ios_appTests */,
			);
		};
/* End PBXProject section */

/* Begin PBXResourcesBuildPhase section */
		C4767D8D1ABBFA2000F4284E /* Resources */ = {
			isa = PBXResourcesBuildPhase;
			buildActionMask = 2147483647;
			files = (
				C4767D9A1ABBFA2100F4284E /* Main.storyboard in Resources */,
				C4767D9F1ABBFA2100F4284E /* LaunchScreen.xib in Resources */,
				C4FB588F1AC13CEA00D0CD28 /* movie_quote.mp3 in Resources */,
				C4767D9C1ABBFA2100F4284E /* Images.xcassets in Resources */,
			);
			runOnlyForDeploymentPostprocessing = 0;
		};
		C4767DA21ABBFA2100F4284E /* Resources */ = {
			isa = PBXResourcesBuildPhase;
			buildActionMask = 2147483647;
			files = (
			);
			runOnlyForDeploymentPostprocessing = 0;
		};
/* End PBXResourcesBuildPhase section */

/* Begin PBXSourcesBuildPhase section */
		C4767D8B1ABBFA2000F4284E /* Sources */ = {
			isa = PBXSourcesBuildPhase;
			buildActionMask = 2147483647;
			files = (
				C49A1DB01AC278C600DAE4EE /* RecordedAudio.swift in Sources */,
				C4767D971ABBFA2100F4284E /* RecordSoundsViewController.swift in Sources */,
				C4FB588D1AC1254C00D0CD28 /* PlaySoundsViewController.swift in Sources */,
				C4767D951ABBFA2100F4284E /* AppDelegate.swift in Sources */,
			);
			runOnlyForDeploymentPostprocessing = 0;
		};
		C4767DA01ABBFA2100F4284E /* Sources */ = {
			isa = PBXSourcesBuildPhase;
			buildActionMask = 2147483647;
			files = (
				C4767DAB1ABBFA2100F4284E /* first_ios_appTests.swift in Sources */,
			);
			runOnlyForDeploymentPostprocessing = 0;
		};
/* End PBXSourcesBuildPhase section */

/* Begin PBXTargetDependency section */
		C4767DA61ABBFA2100F4284E /* PBXTargetDependency */ = {
			isa = PBXTargetDependency;
			target = C4767D8E1ABBFA2000F4284E /* first_ios_app */;
			targetProxy = C4767DA51ABBFA2100F4284E /* PBXContainerItemProxy */;
		};
/* End PBXTargetDependency section */

/* Begin PBXVariantGroup section */
		C4767D981ABBFA2100F4284E /* Main.storyboard */ = {
			isa = PBXVariantGroup;
			children = (
				C4767D991ABBFA2100F4284E /* Base */,
			);
			name = Main.storyboard;
			sourceTree = "<group>";
		};
		C4767D9D1ABBFA2100F4284E /* LaunchScreen.xib */ = {
			isa = PBXVariantGroup;
			children = (
				C4767D9E1ABBFA2100F4284E /* Base */,
			);
			name = LaunchScreen.xib;
			sourceTree = "<group>";
		};
/* End PBXVariantGroup section */

/* Begin XCBuildConfiguration section */
		C4767DAC1ABBFA2100F4284E /* Debug */ = {
			isa = XCBuildConfiguration;
			buildSettings = {
				ALWAYS_SEARCH_USER_PATHS = NO;
				CLANG_CXX_LANGUAGE_STANDARD = "gnu++0x";
				CLANG_CXX_LIBRARY = "libc++";
				CLANG_ENABLE_MODULES = YES;
				CLANG_ENABLE_OBJC_ARC = YES;
				CLANG_WARN_BOOL_CONVERSION = YES;
				CLANG_WARN_CONSTANT_CONVERSION = YES;
				CLANG_WARN_DIRECT_OBJC_ISA_USAGE = YES_ERROR;
				CLANG_WARN_EMPTY_BODY = YES;
				CLANG_WARN_ENUM_CONVERSION = YES;
				CLANG_WARN_INT_CONVERSION = YES;
				CLANG_WARN_OBJC_ROOT_CLASS = YES_ERROR;
				CLANG_WARN_UNREACHABLE_CODE = YES;
				CLANG_WARN__DUPLICATE_METHOD_MATCH = YES;
				"CODE_SIGN_IDENTITY[sdk=iphoneos*]" = "iPhone Developer";
				COPY_PHASE_STRIP = NO;
				ENABLE_STRICT_OBJC_MSGSEND = YES;
				GCC_C_LANGUAGE_STANDARD = gnu99;
				GCC_DYNAMIC_NO_PIC = NO;
				GCC_OPTIMIZATION_LEVEL = 0;
				GCC_PREPROCESSOR_DEFINITIONS = (
					"DEBUG=1",
					"$(inherited)",
				);
				GCC_SYMBOLS_PRIVATE_EXTERN = NO;
				GCC_WARN_64_TO_32_BIT_CONVERSION = YES;
				GCC_WARN_ABOUT_RETURN_TYPE = YES_ERROR;
				GCC_WARN_UNDECLARED_SELECTOR = YES;
				GCC_WARN_UNINITIALIZED_AUTOS = YES_AGGRESSIVE;
				GCC_WARN_UNUSED_FUNCTION = YES;
				GCC_WARN_UNUSED_VARIABLE = YES;
				IPHONEOS_DEPLOYMENT_TARGET = 8.2;
				MTL_ENABLE_DEBUG_INFO = YES;
				ONLY_ACTIVE_ARCH = YES;
				SDKROOT = iphoneos;
				SWIFT_OPTIMIZATION_LEVEL = "-Onone";
			};
			name = Debug;
		};
		C4767DAD1ABBFA2100F4284E /* Release */ = {
			isa = XCBuildConfiguration;
			buildSettings = {
				ALWAYS_SEARCH_USER_PATHS = NO;
				CLANG_CXX_LANGUAGE_STANDARD = "gnu++0x";
				CLANG_CXX_LIBRARY = "libc++";
				CLANG_ENABLE_MODULES = YES;
				CLANG_ENABLE_OBJC_ARC = YES;
				CLANG_WARN_BOOL_CONVERSION = YES;
				CLANG_WARN_CONSTANT_CONVERSION = YES;
				CLANG_WARN_DIRECT_OBJC_ISA_USAGE = YES_ERROR;
				CLANG_WARN_EMPTY_BODY = YES;
				CLANG_WARN_ENUM_CONVERSION = YES;
				CLANG_WARN_INT_CONVERSION = YES;
				CLANG_WARN_OBJC_ROOT_CLASS = YES_ERROR;
				CLANG_WARN_UNREACHABLE_CODE = YES;
				CLANG_WARN__DUPLICATE_METHOD_MATCH = YES;
				"CODE_SIGN_IDENTITY[sdk=iphoneos*]" = "iPhone Developer";
				COPY_PHASE_STRIP = NO;
				ENABLE_NS_ASSERTIONS = NO;
				ENABLE_STRICT_OBJC_MSGSEND = YES;
				GCC_C_LANGUAGE_STANDARD = gnu99;
				GCC_WARN_64_TO_32_BIT_CONVERSION = YES;
				GCC_WARN_ABOUT_RETURN_TYPE = YES_ERROR;
				GCC_WARN_UNDECLARED_SELECTOR = YES;
				GCC_WARN_UNINITIALIZED_AUTOS = YES_AGGRESSIVE;
				GCC_WARN_UNUSED_FUNCTION = YES;
				GCC_WARN_UNUSED_VARIABLE = YES;
				IPHONEOS_DEPLOYMENT_TARGET = 8.2;
				MTL_ENABLE_DEBUG_INFO = NO;
				SDKROOT = iphoneos;
				VALIDATE_PRODUCT = YES;
			};
			name = Release;
		};
		C4767DAF1ABBFA2100F4284E /* Debug */ = {
			isa = XCBuildConfiguration;
			buildSettings = {
				ASSETCATALOG_COMPILER_APPICON_NAME = AppIcon;
				INFOPLIST_FILE = first_ios_app/Info.plist;
				IPHONEOS_DEPLOYMENT_TARGET = 8.0;
				LD_RUNPATH_SEARCH_PATHS = "$(inherited) @executable_path/Frameworks";
				PRODUCT_NAME = "$(TARGET_NAME)";
			};
			name = Debug;
		};
		C4767DB01ABBFA2100F4284E /* Release */ = {
			isa = XCBuildConfiguration;
			buildSettings = {
				ASSETCATALOG_COMPILER_APPICON_NAME = AppIcon;
				INFOPLIST_FILE = first_ios_app/Info.plist;
				IPHONEOS_DEPLOYMENT_TARGET = 8.0;
				LD_RUNPATH_SEARCH_PATHS = "$(inherited) @executable_path/Frameworks";
				PRODUCT_NAME = "$(TARGET_NAME)";
			};
			name = Release;
		};
		C4767DB21ABBFA2100F4284E /* Debug */ = {
			isa = XCBuildConfiguration;
			buildSettings = {
				BUNDLE_LOADER = "$(TEST_HOST)";
				FRAMEWORK_SEARCH_PATHS = (
					"$(SDKROOT)/Developer/Library/Frameworks",
					"$(inherited)",
				);
				GCC_PREPROCESSOR_DEFINITIONS = (
					"DEBUG=1",
					"$(inherited)",
				);
				INFOPLIST_FILE = first_ios_appTests/Info.plist;
				LD_RUNPATH_SEARCH_PATHS = "$(inherited) @executable_path/Frameworks @loader_path/Frameworks";
				PRODUCT_NAME = "$(TARGET_NAME)";
				TEST_HOST = "$(BUILT_PRODUCTS_DIR)/first_ios_app.app/first_ios_app";
			};
			name = Debug;
		};
		C4767DB31ABBFA2100F4284E /* Release */ = {
			isa = XCBuildConfiguration;
			buildSettings = {
				BUNDLE_LOADER = "$(TEST_HOST)";
				FRAMEWORK_SEARCH_PATHS = (
					"$(SDKROOT)/Developer/Library/Frameworks",
					"$(inherited)",
				);
				INFOPLIST_FILE = first_ios_appTests/Info.plist;
				LD_RUNPATH_SEARCH_PATHS = "$(inherited) @executable_path/Frameworks @loader_path/Frameworks";
				PRODUCT_NAME = "$(TARGET_NAME)";
				TEST_HOST = "$(BUILT_PRODUCTS_DIR)/first_ios_app.app/first_ios_app";
			};
			name = Release;
		};
/* End XCBuildConfiguration section */

/* Begin XCConfigurationList section */
		C4767D8A1ABBFA2000F4284E /* Build configuration list for PBXProject "first_ios_app" */ = {
			isa = XCConfigurationList;
			buildConfigurations = (
				C4767DAC1ABBFA2100F4284E /* Debug */,
				C4767DAD1ABBFA2100F4284E /* Release */,
			);
			defaultConfigurationIsVisible = 0;
			defaultConfigurationName = Release;
		};
		C4767DAE1ABBFA2100F4284E /* Build configuration list for PBXNativeTarget "first_ios_app" */ = {
			isa = XCConfigurationList;
			buildConfigurations = (
				C4767DAF1ABBFA2100F4284E /* Debug */,
				C4767DB01ABBFA2100F4284E /* Release */,
			);
			defaultConfigurationIsVisible = 0;
			defaultConfigurationName = Release;
		};
		C4767DB11ABBFA2100F4284E /* Build configuration list for PBXNativeTarget "first_ios_appTests" */ = {
			isa = XCConfigurationList;
			buildConfigurations = (
				C4767DB21ABBFA2100F4284E /* Debug */,
				C4767DB31ABBFA2100F4284E /* Release */,
			);
			defaultConfigurationIsVisible = 0;
			defaultConfigurationName = Release;
		};
/* End XCConfigurationList section */
	};
	rootObject = C4767D871ABBFA2000F4284E /* Project object */;
}
